
Microsoft Visual Studio Solution File, Format Version 12.00
# Visual Studio 2013
VisualStudioVersion = 12.0.31101.0
MinimumVisualStudioVersion = 10.0.40219.1
Project("{FAE04EC0-301F-11D3-BF4B-00C04F79EFBC}") = "ScratchServer", "KinectServer\ScratchServer.csproj", "{8527871B-B3E9-4057-BCFC-D0435A58306D}"
	ProjectSection(ProjectDependencies) = postProject
		{29CAC517-0143-4464-B847-6CA3CA33064D} = {29CAC517-0143-4464-B847-6CA3CA33064D}
	EndProjectSection
EndProject
Project("{FAE04EC0-301F-11D3-BF4B-00C04F79EFBC}") = "GeenenKinect", "GeenenKinect\GeenenKinect.csproj", "{AD2919B1-6690-47BF-86B2-8505D1E2C451}"
EndProject
Project("{FAE04EC0-301F-11D3-BF4B-00C04F79EFBC}") = "GeenenLeap", "GeenenLeap\GeenenLeap.csproj", "{29CAC517-0143-4464-B847-6CA3CA33064D}"
EndProject
Global
	GlobalSection(SolutionConfigurationPlatforms) = preSolution
		Debug|Any CPU = Debug|Any CPU
		Debug|Mixed Platforms = Debug|Mixed Platforms
		Debug|x64 = Debug|x64
		Release|Any CPU = Release|Any CPU
		Release|Mixed Platforms = Release|Mixed Platforms
		Release|x64 = Release|x64
	EndGlobalSection
	GlobalSection(ProjectConfigurationPlatforms) = postSolution
		{8527871B-B3E9-4057-BCFC-D0435A58306D}.Debug|Any CPU.ActiveCfg = Debug|Any CPU
		{8527871B-B3E9-4057-BCFC-D0435A58306D}.Debug|Any CPU.Build.0 = Debug|Any CPU
		{8527871B-B3E9-4057-BCFC-D0435A58306D}.Debug|Mixed Platforms.ActiveCfg = Debug|Any CPU
		{8527871B-B3E9-4057-BCFC-D0435A58306D}.Debug|Mixed Platforms.Build.0 = Debug|Any CPU
		{8527871B-B3E9-4057-BCFC-D0435A58306D}.Debug|x64.ActiveCfg = Debug|x64
		{8527871B-B3E9-4057-BCFC-D0435A58306D}.Debug|x64.Build.0 = Debug|x64
		{8527871B-B3E9-4057-BCFC-D0435A58306D}.Release|Any CPU.ActiveCfg = Release|Any CPU
		{8527871B-B3E9-4057-BCFC-D0435A58306D}.Release|Any CPU.Build.0 = Release|Any CPU
		{8527871B-B3E9-4057-BCFC-D0435A58306D}.Release|Mixed Platforms.ActiveCfg = Release|Any CPU
		{8527871B-B3E9-4057-BCFC-D0435A58306D}.Release|Mixed Platforms.Build.0 = Release|Any CPU
		{8527871B-B3E9-4057-BCFC-D0435A58306D}.Release|x64.ActiveCfg = Release|Any CPU
		{8527871B-B3E9-4057-BCFC-D0435A58306D}.Release|x64.Build.0 = Release|Any CPU
		{AD2919B1-6690-47BF-86B2-8505D1E2C451}.Debug|Any CPU.ActiveCfg = Debug|Any CPU
		{AD2919B1-6690-47BF-86B2-8505D1E2C451}.Debug|Any CPU.Build.0 = Debug|Any CPU
		{AD2919B1-6690-47BF-86B2-8505D1E2C451}.Debug|Mixed Platforms.ActiveCfg = Debug|Any CPU
		{AD2919B1-6690-47BF-86B2-8505D1E2C451}.Debug|Mixed Platforms.Build.0 = Debug|Any CPU
		{AD2919B1-6690-47BF-86B2-8505D1E2C451}.Debug|x64.ActiveCfg = Debug|Any CPU
		{AD2919B1-6690-47BF-86B2-8505D1E2C451}.Debug|x64.Build.0 = Debug|Any CPU
		{AD2919B1-6690-47BF-86B2-8505D1E2C451}.Release|Any CPU.ActiveCfg = Release|Any CPU
		{AD2919B1-6690-47BF-86B2-8505D1E2C451}.Release|Any CPU.Build.0 = Release|Any CPU
		{AD2919B1-6690-47BF-86B2-8505D1E2C451}.Release|Mixed Platforms.ActiveCfg = Release|Any CPU
		{AD2919B1-6690-47BF-86B2-8505D1E2C451}.Release|Mixed Platforms.Build.0 = Release|Any CPU
		{AD2919B1-6690-47BF-86B2-8505D1E2C451}.Release|x64.ActiveCfg = Release|Any CPU
		{AD2919B1-6690-47BF-86B2-8505D1E2C451}.Release|x64.Build.0 = Release|Any CPU
		{29CAC517-0143-4464-B847-6CA3CA33064D}.Debug|Any CPU.ActiveCfg = Debug|Any CPU
		{29CAC517-0143-4464-B847-6CA3CA33064D}.Debug|Any CPU.Build.0 = Debug|Any CPU
		{29CAC517-0143-4464-B847-6CA3CA33064D}.Debug|Mixed Platforms.ActiveCfg = Debug|Any CPU
		{29CAC517-0143-4464-B847-6CA3CA33064D}.Debug|Mixed Platforms.Build.0 = Debug|Any CPU
		{29CAC517-0143-4464-B847-6CA3CA33064D}.Debug|x64.ActiveCfg = Debug|Any CPU
		{29CAC517-0143-4464-B847-6CA3CA33064D}.Release|Any CPU.ActiveCfg = Release|Any CPU
		{29CAC517-0143-4464-B847-6CA3CA33064D}.Release|Any CPU.Build.0 = Release|Any CPU
		{29CAC517-0143-4464-B847-6CA3CA33064D}.Release|Mixed Platforms.ActiveCfg = Release|Any CPU
		{29CAC517-0143-4464-B847-6CA3CA33064D}.Release|Mixed Platforms.Build.0 = Release|Any CPU
		{29CAC517-0143-4464-B847-6CA3CA33064D}.Release|x64.ActiveCfg = Release|Any CPU
	EndGlobalSection
	GlobalSection(SolutionProperties) = preSolution
		HideSolutionNode = FALSE
	EndGlobalSection
EndGlobal
